
Microsoft Visual Studio Solution File, Format Version 11.00
# Visual Studio 2010 Express for Windows Phone
Project("{FAE04EC0-301F-11D3-BF4B-00C04F79EFBC}") = "SuperDarts", "SuperDarts\SuperDarts\SuperDarts.csproj", "{CD1AB13F-F773-4350-8251-6752A5184BDE}"
EndProject
Project("{96E2B04D-8817-42C6-938A-82C39BA4D311}") = "SuperDartsContent", "SuperDarts\SuperDartsContent\SuperDartsContent.contentproj", "{475532BE-3B87-4AD6-87E7-93465DDC85E4}"
EndProject
Global
	GlobalSection(SolutionConfigurationPlatforms) = preSolution
		Debug|Any CPU = Debug|Any CPU
		Debug|x86 = Debug|x86
		Release|Any CPU = Release|Any CPU
		Release|x86 = Release|x86
	EndGlobalSection
	GlobalSection(ProjectConfigurationPlatforms) = postSolution
		{CD1AB13F-F773-4350-8251-6752A5184BDE}.Debug|Any CPU.ActiveCfg = Debug|x86
		{CD1AB13F-F773-4350-8251-6752A5184BDE}.Debug|x86.ActiveCfg = Debug|x86
		{CD1AB13F-F773-4350-8251-6752A5184BDE}.Debug|x86.Build.0 = Debug|x86
		{CD1AB13F-F773-4350-8251-6752A5184BDE}.Release|Any CPU.ActiveCfg = Release|x86
		{CD1AB13F-F773-4350-8251-6752A5184BDE}.Release|x86.ActiveCfg = Release|x86
		{CD1AB13F-F773-4350-8251-6752A5184BDE}.Release|x86.Build.0 = Release|x86
		{475532BE-3B87-4AD6-87E7-93465DDC85E4}.Debug|Any CPU.ActiveCfg = Debug|Any CPU
		{475532BE-3B87-4AD6-87E7-93465DDC85E4}.Debug|x86.ActiveCfg = Debug|Any CPU
		{475532BE-3B87-4AD6-87E7-93465DDC85E4}.Release|Any CPU.ActiveCfg = Debug|Any CPU
		{475532BE-3B87-4AD6-87E7-93465DDC85E4}.Release|x86.ActiveCfg = Debug|Any CPU
	EndGlobalSection
	GlobalSection(SolutionProperties) = preSolution
		HideSolutionNode = FALSE
	EndGlobalSection
EndGlobal
